{
  "pins" : [
    {
      "identity" : "durationpicker",
      "kind" : "remoteSourceControl",
      "location" : "https://github.com/mac-gallagher/DurationPicker",
      "state" : {
        "revision" : "798a9f9b6c162eb6f00deb29d10175c00d1caa25",
        "version" : "1.0.2"
      }
    },
    {
      "identity" : "snapkit",
      "kind" : "remoteSourceControl",
      "location" : "https://github.com/SnapKit/SnapKit",
      "state" : {
        "revision" : "2842e6e84e82eb9a8dac0100ca90d9444b0307f4",
        "version" : "5.7.1"
      }
    }
  ],
  "version" : 2
}
